
Microsoft Visual Studio Solution File, Format Version 12.00
# Visual Studio Version 17
VisualStudioVersion = 17.9.34616.47
MinimumVisualStudioVersion = 10.0.40219.1
Project("{FAE04EC0-301F-11D3-BF4B-00C04F79EFBC}") = "PortalDoAluno", "PortalDoAluno\PortalDoAluno.csproj", "{E1F6DA87-C524-4FDD-BF84-F396A7ABC2BD}"
EndProject
Global
	GlobalSection(SolutionConfigurationPlatforms) = preSolution
		Debug|Any CPU = Debug|Any CPU
		Release|Any CPU = Release|Any CPU
	EndGlobalSection
	GlobalSection(ProjectConfigurationPlatforms) = postSolution
		{E1F6DA87-C524-4FDD-BF84-F396A7ABC2BD}.Debug|Any CPU.ActiveCfg = Debug|Any CPU
		{E1F6DA87-C524-4FDD-BF84-F396A7ABC2BD}.Debug|Any CPU.Build.0 = Debug|Any CPU
		{E1F6DA87-C524-4FDD-BF84-F396A7ABC2BD}.Release|Any CPU.ActiveCfg = Release|Any CPU
		{E1F6DA87-C524-4FDD-BF84-F396A7ABC2BD}.Release|Any CPU.Build.0 = Release|Any CPU
	EndGlobalSection
	GlobalSection(SolutionProperties) = preSolution
		HideSolutionNode = FALSE
	EndGlobalSection
	GlobalSection(ExtensibilityGlobals) = postSolution
		SolutionGuid = {D4E756A3-572F-4CF6-9ECD-74253A96FAA3}
	EndGlobalSection
EndGlobal
